
Microsoft Visual Studio Solution File, Format Version 12.00
# Visual Studio Version 17
VisualStudioVersion = 17.2.32630.192
MinimumVisualStudioVersion = 10.0.40219.1
Project("{9A19103F-16F7-4668-BE54-9A1E7A4F7556}") = "TheFourSistersAndTheDuckbear", "TheFourSistersAndTheDuckbear.csproj", "{BC65A035-AEAA-49FA-828A-5B83C2548819}"
EndProject
Global
	GlobalSection(SolutionConfigurationPlatforms) = preSolution
		Debug|Any CPU = Debug|Any CPU
		Release|Any CPU = Release|Any CPU
	EndGlobalSection
	GlobalSection(ProjectConfigurationPlatforms) = postSolution
		{BC65A035-AEAA-49FA-828A-5B83C2548819}.Debug|Any CPU.ActiveCfg = Debug|Any CPU
		{BC65A035-AEAA-49FA-828A-5B83C2548819}.Debug|Any CPU.Build.0 = Debug|Any CPU
		{BC65A035-AEAA-49FA-828A-5B83C2548819}.Release|Any CPU.ActiveCfg = Release|Any CPU
		{BC65A035-AEAA-49FA-828A-5B83C2548819}.Release|Any CPU.Build.0 = Release|Any CPU
	EndGlobalSection
	GlobalSection(SolutionProperties) = preSolution
		HideSolutionNode = FALSE
	EndGlobalSection
	GlobalSection(ExtensibilityGlobals) = postSolution
		SolutionGuid = {E93ECB66-1899-48C4-B683-93637F1EBE2B}
	EndGlobalSection
EndGlobal
